
Microsoft Visual Studio Solution File, Format Version 12.00
# Visual Studio 15
VisualStudioVersion = 15.0.28307.1000
MinimumVisualStudioVersion = 10.0.40219.1
Project("{FAE04EC0-301F-11D3-BF4B-00C04F79EFBC}") = "ConsoleApp5", "ConsoleApp5\ConsoleApp5.csproj", "{87CA5BF2-ED5D-4800-92E7-5455B1421615}"
EndProject
Project("{FAE04EC0-301F-11D3-BF4B-00C04F79EFBC}") = "UnitTestProject1", "UnitTestProject1\UnitTestProject1.csproj", "{1F7033F1-A129-4178-AA8A-04AA48C131AE}"
EndProject
Global
	GlobalSection(SolutionConfigurationPlatforms) = preSolution
		Debug|Any CPU = Debug|Any CPU
		Release|Any CPU = Release|Any CPU
	EndGlobalSection
	GlobalSection(ProjectConfigurationPlatforms) = postSolution
		{87CA5BF2-ED5D-4800-92E7-5455B1421615}.Debug|Any CPU.ActiveCfg = Debug|Any CPU
		{87CA5BF2-ED5D-4800-92E7-5455B1421615}.Debug|Any CPU.Build.0 = Debug|Any CPU
		{87CA5BF2-ED5D-4800-92E7-5455B1421615}.Release|Any CPU.ActiveCfg = Release|Any CPU
		{87CA5BF2-ED5D-4800-92E7-5455B1421615}.Release|Any CPU.Build.0 = Release|Any CPU
		{1F7033F1-A129-4178-AA8A-04AA48C131AE}.Debug|Any CPU.ActiveCfg = Debug|Any CPU
		{1F7033F1-A129-4178-AA8A-04AA48C131AE}.Debug|Any CPU.Build.0 = Debug|Any CPU
		{1F7033F1-A129-4178-AA8A-04AA48C131AE}.Release|Any CPU.ActiveCfg = Release|Any CPU
		{1F7033F1-A129-4178-AA8A-04AA48C131AE}.Release|Any CPU.Build.0 = Release|Any CPU
	EndGlobalSection
	GlobalSection(SolutionProperties) = preSolution
		HideSolutionNode = FALSE
	EndGlobalSection
	GlobalSection(ExtensibilityGlobals) = postSolution
		SolutionGuid = {3B4FD842-6F29-43E7-9208-501E5DB39924}
	EndGlobalSection
EndGlobal
